
Microsoft Visual Studio Solution File, Format Version 12.00
# Visual Studio Version 16
VisualStudioVersion = 16.0.30907.101
MinimumVisualStudioVersion = 10.0.40219.1
Project("{FAE04EC0-301F-11D3-BF4B-00C04F79EFBC}") = "LR4", "LR4_Test\LR4.csproj", "{15D33935-BA01-4E7D-B9E8-DE5FB6698ADA}"
EndProject
Global
	GlobalSection(SolutionConfigurationPlatforms) = preSolution
		Debug|Any CPU = Debug|Any CPU
		Release|Any CPU = Release|Any CPU
	EndGlobalSection
	GlobalSection(ProjectConfigurationPlatforms) = postSolution
		{15D33935-BA01-4E7D-B9E8-DE5FB6698ADA}.Debug|Any CPU.ActiveCfg = Debug|Any CPU
		{15D33935-BA01-4E7D-B9E8-DE5FB6698ADA}.Debug|Any CPU.Build.0 = Debug|Any CPU
		{15D33935-BA01-4E7D-B9E8-DE5FB6698ADA}.Release|Any CPU.ActiveCfg = Release|Any CPU
		{15D33935-BA01-4E7D-B9E8-DE5FB6698ADA}.Release|Any CPU.Build.0 = Release|Any CPU
	EndGlobalSection
	GlobalSection(SolutionProperties) = preSolution
		HideSolutionNode = FALSE
	EndGlobalSection
	GlobalSection(ExtensibilityGlobals) = postSolution
		SolutionGuid = {21B8C6D0-19D2-44F5-83EB-BDB3475428A4}
	EndGlobalSection
EndGlobal
